
Microsoft Visual Studio Solution File, Format Version 12.00
# Visual Studio Version 17
VisualStudioVersion = 17.10.35013.160
MinimumVisualStudioVersion = 10.0.40219.1
Project("{9A19103F-16F7-4668-BE54-9A1E7A4F7556}") = "DoDic pizza", "DoDic pizza\DoDic pizza.csproj", "{1D1E9456-57B8-4ADF-9B93-5E3F9C9A723F}"
EndProject
Project("{2150E333-8FDC-42A3-9474-1A3956D46DE8}") = "DAL", "DAL", "{F1F48B6D-C5D2-4316-96DE-C64327C4B39A}"
EndProject
Project("{2150E333-8FDC-42A3-9474-1A3956D46DE8}") = "Domain", "Domain", "{EA1B1FBA-C2C4-4A20-9D6A-E2ACE15ACE95}"
EndProject
Project("{9A19103F-16F7-4668-BE54-9A1E7A4F7556}") = "Dodic.DAL", "Dodic.DAL\Dodic.DAL.csproj", "{E7A3A25C-F523-40E2-B9D8-59A7EF8D3067}"
EndProject
Project("{9A19103F-16F7-4668-BE54-9A1E7A4F7556}") = "Dodic.Domain", "Dodic.Domain\Dodic.Domain.csproj", "{20FE50CA-2BB2-446A-A979-EB174FD747CA}"
EndProject
Global
	GlobalSection(SolutionConfigurationPlatforms) = preSolution
		Debug|Any CPU = Debug|Any CPU
		Release|Any CPU = Release|Any CPU
	EndGlobalSection
	GlobalSection(ProjectConfigurationPlatforms) = postSolution
		{1D1E9456-57B8-4ADF-9B93-5E3F9C9A723F}.Debug|Any CPU.ActiveCfg = Debug|Any CPU
		{1D1E9456-57B8-4ADF-9B93-5E3F9C9A723F}.Debug|Any CPU.Build.0 = Debug|Any CPU
		{1D1E9456-57B8-4ADF-9B93-5E3F9C9A723F}.Release|Any CPU.ActiveCfg = Release|Any CPU
		{1D1E9456-57B8-4ADF-9B93-5E3F9C9A723F}.Release|Any CPU.Build.0 = Release|Any CPU
		{E7A3A25C-F523-40E2-B9D8-59A7EF8D3067}.Debug|Any CPU.ActiveCfg = Debug|Any CPU
		{E7A3A25C-F523-40E2-B9D8-59A7EF8D3067}.Debug|Any CPU.Build.0 = Debug|Any CPU
		{E7A3A25C-F523-40E2-B9D8-59A7EF8D3067}.Release|Any CPU.ActiveCfg = Release|Any CPU
		{E7A3A25C-F523-40E2-B9D8-59A7EF8D3067}.Release|Any CPU.Build.0 = Release|Any CPU
		{20FE50CA-2BB2-446A-A979-EB174FD747CA}.Debug|Any CPU.ActiveCfg = Debug|Any CPU
		{20FE50CA-2BB2-446A-A979-EB174FD747CA}.Debug|Any CPU.Build.0 = Debug|Any CPU
		{20FE50CA-2BB2-446A-A979-EB174FD747CA}.Release|Any CPU.ActiveCfg = Release|Any CPU
		{20FE50CA-2BB2-446A-A979-EB174FD747CA}.Release|Any CPU.Build.0 = Release|Any CPU
	EndGlobalSection
	GlobalSection(SolutionProperties) = preSolution
		HideSolutionNode = FALSE
	EndGlobalSection
	GlobalSection(NestedProjects) = preSolution
		{E7A3A25C-F523-40E2-B9D8-59A7EF8D3067} = {F1F48B6D-C5D2-4316-96DE-C64327C4B39A}
		{20FE50CA-2BB2-446A-A979-EB174FD747CA} = {EA1B1FBA-C2C4-4A20-9D6A-E2ACE15ACE95}
	EndGlobalSection
	GlobalSection(ExtensibilityGlobals) = postSolution
		SolutionGuid = {D36BDD1F-D3F7-4DE7-B1CB-F2B14E35054F}
	EndGlobalSection
EndGlobal
